
Microsoft Visual Studio Solution File, Format Version 12.00
# Visual Studio Version 16
VisualStudioVersion = 16.0.31129.286
MinimumVisualStudioVersion = 10.0.40219.1
Project("{FAE04EC0-301F-11D3-BF4B-00C04F79EFBC}") = "1 MyList", "1 MyList\1 MyList.csproj", "{886BAA39-E896-4195-8542-54834EF933CE}"
EndProject
Project("{FAE04EC0-301F-11D3-BF4B-00C04F79EFBC}") = "2 GetArray", "2 GetArray\2 GetArray.csproj", "{B8C6EE6C-4B0C-4FBF-A013-CE71EC414CCB}"
EndProject
Project("{FAE04EC0-301F-11D3-BF4B-00C04F79EFBC}") = "3 SortedList", "3 SortedList\3 SortedList.csproj", "{F90B66F5-721E-4158-8E10-3E4C750848B4}"
EndProject
Global
	GlobalSection(SolutionConfigurationPlatforms) = preSolution
		Debug|Any CPU = Debug|Any CPU
		Release|Any CPU = Release|Any CPU
	EndGlobalSection
	GlobalSection(ProjectConfigurationPlatforms) = postSolution
		{886BAA39-E896-4195-8542-54834EF933CE}.Debug|Any CPU.ActiveCfg = Debug|Any CPU
		{886BAA39-E896-4195-8542-54834EF933CE}.Debug|Any CPU.Build.0 = Debug|Any CPU
		{886BAA39-E896-4195-8542-54834EF933CE}.Release|Any CPU.ActiveCfg = Release|Any CPU
		{886BAA39-E896-4195-8542-54834EF933CE}.Release|Any CPU.Build.0 = Release|Any CPU
		{B8C6EE6C-4B0C-4FBF-A013-CE71EC414CCB}.Debug|Any CPU.ActiveCfg = Debug|Any CPU
		{B8C6EE6C-4B0C-4FBF-A013-CE71EC414CCB}.Debug|Any CPU.Build.0 = Debug|Any CPU
		{B8C6EE6C-4B0C-4FBF-A013-CE71EC414CCB}.Release|Any CPU.ActiveCfg = Release|Any CPU
		{B8C6EE6C-4B0C-4FBF-A013-CE71EC414CCB}.Release|Any CPU.Build.0 = Release|Any CPU
		{F90B66F5-721E-4158-8E10-3E4C750848B4}.Debug|Any CPU.ActiveCfg = Debug|Any CPU
		{F90B66F5-721E-4158-8E10-3E4C750848B4}.Debug|Any CPU.Build.0 = Debug|Any CPU
		{F90B66F5-721E-4158-8E10-3E4C750848B4}.Release|Any CPU.ActiveCfg = Release|Any CPU
		{F90B66F5-721E-4158-8E10-3E4C750848B4}.Release|Any CPU.Build.0 = Release|Any CPU
	EndGlobalSection
	GlobalSection(SolutionProperties) = preSolution
		HideSolutionNode = FALSE
	EndGlobalSection
	GlobalSection(ExtensibilityGlobals) = postSolution
		SolutionGuid = {9B2AB42C-5DDE-4006-8315-C90938DF94B0}
	EndGlobalSection
EndGlobal
